
Microsoft Visual Studio Solution File, Format Version 12.00
# Visual Studio Version 17
VisualStudioVersion = 17.14.36202.13
MinimumVisualStudioVersion = 10.0.40219.1
Project("{FAE04EC0-301F-11D3-BF4B-00C04F79EFBC}") = "DotNetBuildServer", "DotNetBuildServer\DotNetBuildServer.csproj", "{41BCA7EE-2F27-DAB7-039B-4A6B4DFEE9C0}"
EndProject
Global
	GlobalSection(SolutionConfigurationPlatforms) = preSolution
		Debug|Any CPU = Debug|Any CPU
		Release|Any CPU = Release|Any CPU
	EndGlobalSection
	GlobalSection(ProjectConfigurationPlatforms) = postSolution
		{41BCA7EE-2F27-DAB7-039B-4A6B4DFEE9C0}.Debug|Any CPU.ActiveCfg = Debug|Any CPU
		{41BCA7EE-2F27-DAB7-039B-4A6B4DFEE9C0}.Debug|Any CPU.Build.0 = Debug|Any CPU
		{41BCA7EE-2F27-DAB7-039B-4A6B4DFEE9C0}.Release|Any CPU.ActiveCfg = Release|Any CPU
		{41BCA7EE-2F27-DAB7-039B-4A6B4DFEE9C0}.Release|Any CPU.Build.0 = Release|Any CPU
	EndGlobalSection
	GlobalSection(SolutionProperties) = preSolution
		HideSolutionNode = FALSE
	EndGlobalSection
	GlobalSection(ExtensibilityGlobals) = postSolution
		SolutionGuid = {5A81A32C-FFB9-4DC3-97CA-64536977CC49}
	EndGlobalSection
EndGlobal
